// !$*UTF8*$!
{
	archiveVersion = 1;
	classes = {
	};
	objectVersion = 46;
	objects = {

/* Begin PBXBuildFile section */
		151301B91DCCCED600F5A5B7 /* AppDelegate.swift in Sources */ = {isa = PBXBuildFile; fileRef = 151301B81DCCCED600F5A5B7 /* AppDelegate.swift */; };
		151301D31DCCE08100F5A5B7 /* Assets.xcassets in Resources */ = {isa = PBXBuildFile; fileRef = 151301D21DCCE08100F5A5B7 /* Assets.xcassets */; };
		151301DA1DCCE0AD00F5A5B7 /* LaunchScreen.storyboard in Resources */ = {isa = PBXBuildFile; fileRef = 151301D61DCCE0AD00F5A5B7 /* LaunchScreen.storyboard */; };
		151301DB1DCCE0AD00F5A5B7 /* Main.storyboard in Resources */ = {isa = PBXBuildFile; fileRef = 151301D81DCCE0AD00F5A5B7 /* Main.storyboard */; };
		151301E51DCCE45700F5A5B7 /* Currency.swift in Sources */ = {isa = PBXBuildFile; fileRef = 151301E41DCCE45700F5A5B7 /* Currency.swift */; };
		151301E91DCCE50F00F5A5B7 /* CurrencyModelController.swift in Sources */ = {isa = PBXBuildFile; fileRef = 151301E81DCCE50F00F5A5B7 /* CurrencyModelController.swift */; };
		151301EE1DCD362300F5A5B7 /* DataManager.swift in Sources */ = {isa = PBXBuildFile; fileRef = 151301ED1DCD362300F5A5B7 /* DataManager.swift */; };
		152984A11DD3C5CE00146C44 /* GBP.png in Resources */ = {isa = PBXBuildFile; fileRef = 152984A01DD3C5CE00146C44 /* GBP.png */; };
		152984A31DD3CE2700146C44 /* JPY.png in Resources */ = {isa = PBXBuildFile; fileRef = 152984A21DD3CE2600146C44 /* JPY.png */; };
		152984A61DD3D08D00146C44 /* BRL.png in Resources */ = {isa = PBXBuildFile; fileRef = 152984A41DD3D08D00146C44 /* BRL.png */; };
		152984A71DD3D08D00146C44 /* EUR.png in Resources */ = {isa = PBXBuildFile; fileRef = 152984A51DD3D08D00146C44 /* EUR.png */; };
		1576AA741DD2700F00153F88 /* CurrenciesListViewController.swift in Sources */ = {isa = PBXBuildFile; fileRef = 1576AA731DD2700F00153F88 /* CurrenciesListViewController.swift */; };
		CBC31A8E00015C161E1AD208 /* Pods_ArmyOfOnes.framework in Frameworks */ = {isa = PBXBuildFile; fileRef = 01112B6A4CA98C5AA2F7693A /* Pods_ArmyOfOnes.framework */; };
/* End PBXBuildFile section */

/* Begin PBXFileReference section */
		01112B6A4CA98C5AA2F7693A /* Pods_ArmyOfOnes.framework */ = {isa = PBXFileReference; explicitFileType = wrapper.framework; includeInIndex = 0; path = Pods_ArmyOfOnes.framework; sourceTree = BUILT_PRODUCTS_DIR; };
		151301B51DCCCED600F5A5B7 /* ArmyOfOnes.app */ = {isa = PBXFileReference; explicitFileType = wrapper.application; includeInIndex = 0; path = ArmyOfOnes.app; sourceTree = BUILT_PRODUCTS_DIR; };
		151301B81DCCCED600F5A5B7 /* AppDelegate.swift */ = {isa = PBXFileReference; lastKnownFileType = sourcecode.swift; path = AppDelegate.swift; sourceTree = "<group>"; };
		151301C41DCCCED600F5A5B7 /* Info.plist */ = {isa = PBXFileReference; lastKnownFileType = text.plist.xml; path = Info.plist; sourceTree = "<group>"; };
		151301D21DCCE08100F5A5B7 /* Assets.xcassets */ = {isa = PBXFileReference; lastKnownFileType = folder.assetcatalog; name = Assets.xcassets; path = Resources/Assets.xcassets; sourceTree = "<group>"; };
		151301D71DCCE0AD00F5A5B7 /* Base */ = {isa = PBXFileReference; lastKnownFileType = file.storyboard; name = Base; path = Storyboards/Base.lproj/LaunchScreen.storyboard; sourceTree = "<group>"; };
		151301D91DCCE0AD00F5A5B7 /* Base */ = {isa = PBXFileReference; lastKnownFileType = file.storyboard; name = Base; path = Storyboards/Base.lproj/Main.storyboard; sourceTree = "<group>"; };
		151301E41DCCE45700F5A5B7 /* Currency.swift */ = {isa = PBXFileReference; fileEncoding = 4; lastKnownFileType = sourcecode.swift; name = Currency.swift; path = Models/Currency.swift; sourceTree = "<group>"; };
		151301E81DCCE50F00F5A5B7 /* CurrencyModelController.swift */ = {isa = PBXFileReference; fileEncoding = 4; lastKnownFileType = sourcecode.swift; name = CurrencyModelController.swift; path = ModelControllers/CurrencyModelController.swift; sourceTree = "<group>"; };
		151301ED1DCD362300F5A5B7 /* DataManager.swift */ = {isa = PBXFileReference; fileEncoding = 4; lastKnownFileType = sourcecode.swift; name = DataManager.swift; path = DataSources/DataManager.swift; sourceTree = "<group>"; };
		152984A01DD3C5CE00146C44 /* GBP.png */ = {isa = PBXFileReference; lastKnownFileType = image.png; name = GBP.png; path = Resources/GBP.png; sourceTree = "<group>"; };
		152984A21DD3CE2600146C44 /* JPY.png */ = {isa = PBXFileReference; lastKnownFileType = image.png; name = JPY.png; path = Resources/JPY.png; sourceTree = "<group>"; };
		152984A41DD3D08D00146C44 /* BRL.png */ = {isa = PBXFileReference; lastKnownFileType = image.png; name = BRL.png; path = Resources/BRL.png; sourceTree = "<group>"; };
		152984A51DD3D08D00146C44 /* EUR.png */ = {isa = PBXFileReference; lastKnownFileType = image.png; name = EUR.png; path = Resources/EUR.png; sourceTree = "<group>"; };
		1576AA731DD2700F00153F88 /* CurrenciesListViewController.swift */ = {isa = PBXFileReference; fileEncoding = 4; lastKnownFileType = sourcecode.swift; name = CurrenciesListViewController.swift; path = ViewControllers/CurrenciesListViewController.swift; sourceTree = "<group>"; };
		5811D6E0728FCF65CDCAC9B6 /* Pods-ArmyOfOnes.debug.xcconfig */ = {isa = PBXFileReference; includeInIndex = 1; lastKnownFileType = text.xcconfig; name = "Pods-ArmyOfOnes.debug.xcconfig"; path = "Pods/Target Support Files/Pods-ArmyOfOnes/Pods-ArmyOfOnes.debug.xcconfig"; sourceTree = "<group>"; };
		905C0D21C2FDC1697E608857 /* Pods-ArmyOfOnes.release.xcconfig */ = {isa = PBXFileReference; includeInIndex = 1; lastKnownFileType = text.xcconfig; name = "Pods-ArmyOfOnes.release.xcconfig"; path = "Pods/Target Support Files/Pods-ArmyOfOnes/Pods-ArmyOfOnes.release.xcconfig"; sourceTree = "<group>"; };
/* End PBXFileReference section */

/* Begin PBXFrameworksBuildPhase section */
		151301B21DCCCED600F5A5B7 /* Frameworks */ = {
			isa = PBXFrameworksBuildPhase;
			buildActionMask = 2147483647;
			files = (
				CBC31A8E00015C161E1AD208 /* Pods_ArmyOfOnes.framework in Frameworks */,
			);
			runOnlyForDeploymentPostprocessing = 0;
		};
/* End PBXFrameworksBuildPhase section */

/* Begin PBXGroup section */
		0032ADAF1B57E6B3FC55B57A /* Frameworks */ = {
			isa = PBXGroup;
			children = (
				01112B6A4CA98C5AA2F7693A /* Pods_ArmyOfOnes.framework */,
			);
			name = Frameworks;
			sourceTree = "<group>";
		};
		151301AC1DCCCED600F5A5B7 = {
			isa = PBXGroup;
			children = (
				151301B71DCCCED600F5A5B7 /* ArmyOfOnes */,
				151301B61DCCCED600F5A5B7 /* Products */,
				473578DEF6AA01554ADDF734 /* Pods */,
				0032ADAF1B57E6B3FC55B57A /* Frameworks */,
			);
			sourceTree = "<group>";
		};
		151301B61DCCCED600F5A5B7 /* Products */ = {
			isa = PBXGroup;
			children = (
				151301B51DCCCED600F5A5B7 /* ArmyOfOnes.app */,
			);
			name = Products;
			sourceTree = "<group>";
		};
		151301B71DCCCED600F5A5B7 /* ArmyOfOnes */ = {
			isa = PBXGroup;
			children = (
				151301EA1DCD35E100F5A5B7 /* DataSources */,
				151301E11DCCE0EB00F5A5B7 /* Views */,
				151301E01DCCE0E200F5A5B7 /* ModelControllers */,
				151301DF1DCCE0DE00F5A5B7 /* Models */,
				151301DE1DCCE0D500F5A5B7 /* Resources */,
				151301DD1DCCE0CA00F5A5B7 /* Storyboards */,
				151301DC1DCCE0C100F5A5B7 /* ViewControllers */,
				151301B81DCCCED600F5A5B7 /* AppDelegate.swift */,
				151301C41DCCCED600F5A5B7 /* Info.plist */,
			);
			path = ArmyOfOnes;
			sourceTree = "<group>";
		};
		151301DC1DCCE0C100F5A5B7 /* ViewControllers */ = {
			isa = PBXGroup;
			children = (
				1576AA731DD2700F00153F88 /* CurrenciesListViewController.swift */,
			);
			name = ViewControllers;
			sourceTree = "<group>";
		};
		151301DD1DCCE0CA00F5A5B7 /* Storyboards */ = {
			isa = PBXGroup;
			children = (
				151301D61DCCE0AD00F5A5B7 /* LaunchScreen.storyboard */,
				151301D81DCCE0AD00F5A5B7 /* Main.storyboard */,
			);
			name = Storyboards;
			sourceTree = "<group>";
		};
		151301DE1DCCE0D500F5A5B7 /* Resources */ = {
			isa = PBXGroup;
			children = (
				152984A41DD3D08D00146C44 /* BRL.png */,
				152984A51DD3D08D00146C44 /* EUR.png */,
				152984A21DD3CE2600146C44 /* JPY.png */,
				152984A01DD3C5CE00146C44 /* GBP.png */,
				151301D21DCCE08100F5A5B7 /* Assets.xcassets */,
			);
			name = Resources;
			sourceTree = "<group>";
		};
		151301DF1DCCE0DE00F5A5B7 /* Models */ = {
			isa = PBXGroup;
			children = (
				151301E41DCCE45700F5A5B7 /* Currency.swift */,
			);
			name = Models;
			sourceTree = "<group>";
		};
		151301E01DCCE0E200F5A5B7 /* ModelControllers */ = {
			isa = PBXGroup;
			children = (
				151301E81DCCE50F00F5A5B7 /* CurrencyModelController.swift */,
			);
			name = ModelControllers;
			sourceTree = "<group>";
		};
		151301E11DCCE0EB00F5A5B7 /* Views */ = {
			isa = PBXGroup;
			children = (
			);
			name = Views;
			sourceTree = "<group>";
		};
		151301EA1DCD35E100F5A5B7 /* DataSources */ = {
			isa = PBXGroup;
			children = (
				151301ED1DCD362300F5A5B7 /* DataManager.swift */,
			);
			name = DataSources;
			sourceTree = "<group>";
		};
		473578DEF6AA01554ADDF734 /* Pods */ = {
			isa = PBXGroup;
			children = (
				5811D6E0728FCF65CDCAC9B6 /* Pods-ArmyOfOnes.debug.xcconfig */,
				905C0D21C2FDC1697E608857 /* Pods-ArmyOfOnes.release.xcconfig */,
			);
			name = Pods;
			sourceTree = "<group>";
		};
/* End PBXGroup section */

/* Begin PBXNativeTarget section */
		151301B41DCCCED600F5A5B7 /* ArmyOfOnes */ = {
			isa = PBXNativeTarget;
			buildConfigurationList = 151301C71DCCCED600F5A5B7 /* Build configuration list for PBXNativeTarget "ArmyOfOnes" */;
			buildPhases = (
				A386DC5B7EA8392C46D493FE /* [CP] Check Pods Manifest.lock */,
				151301B11DCCCED600F5A5B7 /* Sources */,
				151301B21DCCCED600F5A5B7 /* Frameworks */,
				151301B31DCCCED600F5A5B7 /* Resources */,
				FB5C63E8033E4077DF2453A6 /* [CP] Embed Pods Frameworks */,
				A40719833EEAD9D72761AFD4 /* [CP] Copy Pods Resources */,
			);
			buildRules = (
			);
			dependencies = (
			);
			name = ArmyOfOnes;
			productName = ArmyOfOnes;
			productReference = 151301B51DCCCED600F5A5B7 /* ArmyOfOnes.app */;
			productType = "com.apple.product-type.application";
		};
/* End PBXNativeTarget section */

/* Begin PBXProject section */
		151301AD1DCCCED600F5A5B7 /* Project object */ = {
			isa = PBXProject;
			attributes = {
				LastSwiftUpdateCheck = 0720;
				LastUpgradeCheck = 0810;
				ORGANIZATIONNAME = "Fabian Mariño";
				TargetAttributes = {
					151301B41DCCCED600F5A5B7 = {
						CreatedOnToolsVersion = 7.2.1;
						LastSwiftMigration = 0810;
					};
				};
			};
			buildConfigurationList = 151301B01DCCCED600F5A5B7 /* Build configuration list for PBXProject "ArmyOfOnes" */;
			compatibilityVersion = "Xcode 3.2";
			developmentRegion = English;
			hasScannedForEncodings = 0;
			knownRegions = (
				en,
				Base,
			);
			mainGroup = 151301AC1DCCCED600F5A5B7;
			productRefGroup = 151301B61DCCCED600F5A5B7 /* Products */;
			projectDirPath = "";
			projectRoot = "";
			targets = (
				151301B41DCCCED600F5A5B7 /* ArmyOfOnes */,
			);
		};
/* End PBXProject section */

/* Begin PBXResourcesBuildPhase section */
		151301B31DCCCED600F5A5B7 /* Resources */ = {
			isa = PBXResourcesBuildPhase;
			buildActionMask = 2147483647;
			files = (
				152984A61DD3D08D00146C44 /* BRL.png in Resources */,
				151301DB1DCCE0AD00F5A5B7 /* Main.storyboard in Resources */,
				152984A71DD3D08D00146C44 /* EUR.png in Resources */,
				152984A31DD3CE2700146C44 /* JPY.png in Resources */,
				151301D31DCCE08100F5A5B7 /* Assets.xcassets in Resources */,
				151301DA1DCCE0AD00F5A5B7 /* LaunchScreen.storyboard in Resources */,
				152984A11DD3C5CE00146C44 /* GBP.png in Resources */,
			);
			runOnlyForDeploymentPostprocessing = 0;
		};
/* End PBXResourcesBuildPhase section */

/* Begin PBXShellScriptBuildPhase section */
		A386DC5B7EA8392C46D493FE /* [CP] Check Pods Manifest.lock */ = {
			isa = PBXShellScriptBuildPhase;
			buildActionMask = 2147483647;
			files = (
			);
			inputPaths = (
			);
			name = "[CP] Check Pods Manifest.lock";
			outputPaths = (
			);
			runOnlyForDeploymentPostprocessing = 0;
			shellPath = /bin/sh;
			shellScript = "diff \"${PODS_ROOT}/../Podfile.lock\" \"${PODS_ROOT}/Manifest.lock\" > /dev/null\nif [ $? != 0 ] ; then\n    # print error to STDERR\n    echo \"error: The sandbox is not in sync with the Podfile.lock. Run 'pod install' or update your CocoaPods installation.\" >&2\n    exit 1\nfi\n";
			showEnvVarsInLog = 0;
		};
		A40719833EEAD9D72761AFD4 /* [CP] Copy Pods Resources */ = {
			isa = PBXShellScriptBuildPhase;
			buildActionMask = 2147483647;
			files = (
			);
			inputPaths = (
			);
			name = "[CP] Copy Pods Resources";
			outputPaths = (
			);
			runOnlyForDeploymentPostprocessing = 0;
			shellPath = /bin/sh;
			shellScript = "\"${SRCROOT}/Pods/Target Support Files/Pods-ArmyOfOnes/Pods-ArmyOfOnes-resources.sh\"\n";
			showEnvVarsInLog = 0;
		};
		FB5C63E8033E4077DF2453A6 /* [CP] Embed Pods Frameworks */ = {
			isa = PBXShellScriptBuildPhase;
			buildActionMask = 2147483647;
			files = (
			);
			inputPaths = (
			);
			name = "[CP] Embed Pods Frameworks";
			outputPaths = (
			);
			runOnlyForDeploymentPostprocessing = 0;
			shellPath = /bin/sh;
			shellScript = "\"${SRCROOT}/Pods/Target Support Files/Pods-ArmyOfOnes/Pods-ArmyOfOnes-frameworks.sh\"\n";
			showEnvVarsInLog = 0;
		};
/* End PBXShellScriptBuildPhase section */

/* Begin PBXSourcesBuildPhase section */
		151301B11DCCCED600F5A5B7 /* Sources */ = {
			isa = PBXSourcesBuildPhase;
			buildActionMask = 2147483647;
			files = (
				151301E51DCCE45700F5A5B7 /* Currency.swift in Sources */,
				151301EE1DCD362300F5A5B7 /* DataManager.swift in Sources */,
				151301E91DCCE50F00F5A5B7 /* CurrencyModelController.swift in Sources */,
				1576AA741DD2700F00153F88 /* CurrenciesListViewController.swift in Sources */,
				151301B91DCCCED600F5A5B7 /* AppDelegate.swift in Sources */,
			);
			runOnlyForDeploymentPostprocessing = 0;
		};
/* End PBXSourcesBuildPhase section */

/* Begin PBXVariantGroup section */
		151301D61DCCE0AD00F5A5B7 /* LaunchScreen.storyboard */ = {
			isa = PBXVariantGroup;
			children = (
				151301D71DCCE0AD00F5A5B7 /* Base */,
			);
			name = LaunchScreen.storyboard;
			sourceTree = "<group>";
		};
		151301D81DCCE0AD00F5A5B7 /* Main.storyboard */ = {
			isa = PBXVariantGroup;
			children = (
				151301D91DCCE0AD00F5A5B7 /* Base */,
			);
			name = Main.storyboard;
			sourceTree = "<group>";
		};
/* End PBXVariantGroup section */

/* Begin XCBuildConfiguration section */
		151301C51DCCCED600F5A5B7 /* Debug */ = {
			isa = XCBuildConfiguration;
			buildSettings = {
				ALWAYS_SEARCH_USER_PATHS = NO;
				CLANG_CXX_LANGUAGE_STANDARD = "gnu++0x";
				CLANG_CXX_LIBRARY = "libc++";
				CLANG_ENABLE_MODULES = YES;
				CLANG_ENABLE_OBJC_ARC = YES;
				CLANG_WARN_BOOL_CONVERSION = YES;
				CLANG_WARN_CONSTANT_CONVERSION = YES;
				CLANG_WARN_DIRECT_OBJC_ISA_USAGE = YES_ERROR;
				CLANG_WARN_EMPTY_BODY = YES;
				CLANG_WARN_ENUM_CONVERSION = YES;
				CLANG_WARN_INFINITE_RECURSION = YES;
				CLANG_WARN_INT_CONVERSION = YES;
				CLANG_WARN_OBJC_ROOT_CLASS = YES_ERROR;
				CLANG_WARN_SUSPICIOUS_MOVE = YES;
				CLANG_WARN_UNREACHABLE_CODE = YES;
				CLANG_WARN__DUPLICATE_METHOD_MATCH = YES;
				"CODE_SIGN_IDENTITY[sdk=iphoneos*]" = "iPhone Developer";
				COPY_PHASE_STRIP = NO;
				DEBUG_INFORMATION_FORMAT = dwarf;
				ENABLE_STRICT_OBJC_MSGSEND = YES;
				ENABLE_TESTABILITY = YES;
				GCC_C_LANGUAGE_STANDARD = gnu99;
				GCC_DYNAMIC_NO_PIC = NO;
				GCC_NO_COMMON_BLOCKS = YES;
				GCC_OPTIMIZATION_LEVEL = 0;
				GCC_PREPROCESSOR_DEFINITIONS = (
					"DEBUG=1",
					"$(inherited)",
				);
				GCC_WARN_64_TO_32_BIT_CONVERSION = YES;
				GCC_WARN_ABOUT_RETURN_TYPE = YES_ERROR;
				GCC_WARN_UNDECLARED_SELECTOR = YES;
				GCC_WARN_UNINITIALIZED_AUTOS = YES_AGGRESSIVE;
				GCC_WARN_UNUSED_FUNCTION = YES;
				GCC_WARN_UNUSED_VARIABLE = YES;
				IPHONEOS_DEPLOYMENT_TARGET = 9.2;
				MTL_ENABLE_DEBUG_INFO = YES;
				ONLY_ACTIVE_ARCH = YES;
				SDKROOT = iphoneos;
				SWIFT_OPTIMIZATION_LEVEL = "-Onone";
			};
			name = Debug;
		};
		151301C61DCCCED600F5A5B7 /* Release */ = {
			isa = XCBuildConfiguration;
			buildSettings = {
				ALWAYS_SEARCH_USER_PATHS = NO;
				CLANG_CXX_LANGUAGE_STANDARD = "gnu++0x";
				CLANG_CXX_LIBRARY = "libc++";
				CLANG_ENABLE_MODULES = YES;
				CLANG_ENABLE_OBJC_ARC = YES;
				CLANG_WARN_BOOL_CONVERSION = YES;
				CLANG_WARN_CONSTANT_CONVERSION = YES;
				CLANG_WARN_DIRECT_OBJC_ISA_USAGE = YES_ERROR;
				CLANG_WARN_EMPTY_BODY = YES;
				CLANG_WARN_ENUM_CONVERSION = YES;
				CLANG_WARN_INFINITE_RECURSION = YES;
				CLANG_WARN_INT_CONVERSION = YES;
				CLANG_WARN_OBJC_ROOT_CLASS = YES_ERROR;
				CLANG_WARN_SUSPICIOUS_MOVE = YES;
				CLANG_WARN_UNREACHABLE_CODE = YES;
				CLANG_WARN__DUPLICATE_METHOD_MATCH = YES;
				"CODE_SIGN_IDENTITY[sdk=iphoneos*]" = "iPhone Developer";
				COPY_PHASE_STRIP = NO;
				DEBUG_INFORMATION_FORMAT = "dwarf-with-dsym";
				ENABLE_NS_ASSERTIONS = NO;
				ENABLE_STRICT_OBJC_MSGSEND = YES;
				GCC_C_LANGUAGE_STANDARD = gnu99;
				GCC_NO_COMMON_BLOCKS = YES;
				GCC_WARN_64_TO_32_BIT_CONVERSION = YES;
				GCC_WARN_ABOUT_RETURN_TYPE = YES_ERROR;
				GCC_WARN_UNDECLARED_SELECTOR = YES;
				GCC_WARN_UNINITIALIZED_AUTOS = YES_AGGRESSIVE;
				GCC_WARN_UNUSED_FUNCTION = YES;
				GCC_WARN_UNUSED_VARIABLE = YES;
				IPHONEOS_DEPLOYMENT_TARGET = 9.2;
				MTL_ENABLE_DEBUG_INFO = NO;
				SDKROOT = iphoneos;
				SWIFT_OPTIMIZATION_LEVEL = "-Owholemodule";
				VALIDATE_PRODUCT = YES;
			};
			name = Release;
		};
		151301C81DCCCED600F5A5B7 /* Debug */ = {
			isa = XCBuildConfiguration;
			baseConfigurationReference = 5811D6E0728FCF65CDCAC9B6 /* Pods-ArmyOfOnes.debug.xcconfig */;
			buildSettings = {
				ALWAYS_EMBED_SWIFT_STANDARD_LIBRARIES = YES;
				ASSETCATALOG_COMPILER_APPICON_NAME = AppIcon;
				INFOPLIST_FILE = ArmyOfOnes/Info.plist;
				IPHONEOS_DEPLOYMENT_TARGET = 10.0;
				LD_RUNPATH_SEARCH_PATHS = "$(inherited) @executable_path/Frameworks";
				PRODUCT_BUNDLE_IDENTIFIER = com.hugeinc.mobile.ArmyOfOnes;
				PRODUCT_NAME = "$(TARGET_NAME)";
				SWIFT_VERSION = 3.0;
			};
			name = Debug;
		};
		151301C91DCCCED600F5A5B7 /* Release */ = {
			isa = XCBuildConfiguration;
			baseConfigurationReference = 905C0D21C2FDC1697E608857 /* Pods-ArmyOfOnes.release.xcconfig */;
			buildSettings = {
				ALWAYS_EMBED_SWIFT_STANDARD_LIBRARIES = YES;
				ASSETCATALOG_COMPILER_APPICON_NAME = AppIcon;
				INFOPLIST_FILE = ArmyOfOnes/Info.plist;
				IPHONEOS_DEPLOYMENT_TARGET = 10.0;
				LD_RUNPATH_SEARCH_PATHS = "$(inherited) @executable_path/Frameworks";
				PRODUCT_BUNDLE_IDENTIFIER = com.hugeinc.mobile.ArmyOfOnes;
				PRODUCT_NAME = "$(TARGET_NAME)";
				SWIFT_VERSION = 3.0;
			};
			name = Release;
		};
/* End XCBuildConfiguration section */

/* Begin XCConfigurationList section */
		151301B01DCCCED600F5A5B7 /* Build configuration list for PBXProject "ArmyOfOnes" */ = {
			isa = XCConfigurationList;
			buildConfigurations = (
				151301C51DCCCED600F5A5B7 /* Debug */,
				151301C61DCCCED600F5A5B7 /* Release */,
			);
			defaultConfigurationIsVisible = 0;
			defaultConfigurationName = Release;
		};
		151301C71DCCCED600F5A5B7 /* Build configuration list for PBXNativeTarget "ArmyOfOnes" */ = {
			isa = XCConfigurationList;
			buildConfigurations = (
				151301C81DCCCED600F5A5B7 /* Debug */,
				151301C91DCCCED600F5A5B7 /* Release */,
			);
			defaultConfigurationIsVisible = 0;
			defaultConfigurationName = Release;
		};
/* End XCConfigurationList section */
	};
	rootObject = 151301AD1DCCCED600F5A5B7 /* Project object */;
}
